
Microsoft Visual Studio Solution File, Format Version 11.00
# Visual Studio 2010
Project("{FAE04EC0-301F-11D3-BF4B-00C04F79EFBC}") = "FinTOKMAK.TextTimeline.Runtime", "FinTOKMAK.TextTimeline.Runtime.csproj", "{34dae757-2c38-7ddf-c250-66887662aeea}"
EndProject
Global
	GlobalSection(SolutionConfigurationPlatforms) = preSolution
		Debug|Any CPU = Debug|Any CPU
		Release|Any CPU = Release|Any CPU
	EndGlobalSection
	GlobalSection(ProjectConfigurationPlatforms) = postSolution
		{34dae757-2c38-7ddf-c250-66887662aeea}.Debug|Any CPU.ActiveCfg = Debug|Any CPU
		{34dae757-2c38-7ddf-c250-66887662aeea}.Debug|Any CPU.Build.0 = Debug|Any CPU
		{34dae757-2c38-7ddf-c250-66887662aeea}.Release|Any CPU.ActiveCfg = Release|Any CPU
		{34dae757-2c38-7ddf-c250-66887662aeea}.Release|Any CPU.Build.0 = Release|Any CPU
	EndGlobalSection
	GlobalSection(SolutionProperties) = preSolution
		HideSolutionNode = FALSE
	EndGlobalSection
EndGlobal
